// !$*UTF8*$!
{
	archiveVersion = 1;
	classes = {
	};
	objectVersion = 46;
	objects = {

/* Begin PBXBuildFile section */
		252E28CE1C82670900B2C560 /* ThirdViewControler.swift in Sources */ = {isa = PBXBuildFile; fileRef = 252E28CD1C82670900B2C560 /* ThirdViewControler.swift */; };
		253D99101C7A7EA000E1EB0D /* SecondViewController.swift in Sources */ = {isa = PBXBuildFile; fileRef = 253D990F1C7A7EA000E1EB0D /* SecondViewController.swift */; };
		253D99121C7A870500E1EB0D /* NetworkCheck.swift in Sources */ = {isa = PBXBuildFile; fileRef = 253D99111C7A870500E1EB0D /* NetworkCheck.swift */; };
		25BC8BAC1C7EBFA9007F9526 /* LogInViewController.swift in Sources */ = {isa = PBXBuildFile; fileRef = 25BC8BAB1C7EBFA9007F9526 /* LogInViewController.swift */; };
		25FD58881C73D6A100774526 /* AppDelegate.swift in Sources */ = {isa = PBXBuildFile; fileRef = 25FD58871C73D6A100774526 /* AppDelegate.swift */; };
		25FD588A1C73D6A100774526 /* ViewController.swift in Sources */ = {isa = PBXBuildFile; fileRef = 25FD58891C73D6A100774526 /* ViewController.swift */; };
		25FD588D1C73D6A100774526 /* Main.storyboard in Resources */ = {isa = PBXBuildFile; fileRef = 25FD588B1C73D6A100774526 /* Main.storyboard */; };
		25FD588F1C73D6A100774526 /* Assets.xcassets in Resources */ = {isa = PBXBuildFile; fileRef = 25FD588E1C73D6A100774526 /* Assets.xcassets */; };
		25FD58921C73D6A100774526 /* LaunchScreen.storyboard in Resources */ = {isa = PBXBuildFile; fileRef = 25FD58901C73D6A100774526 /* LaunchScreen.storyboard */; };
		25FD589D1C73D6A100774526 /* EKVoiceTextTests.swift in Sources */ = {isa = PBXBuildFile; fileRef = 25FD589C1C73D6A100774526 /* EKVoiceTextTests.swift */; };
		25FD58A81C73D80900774526 /* AVFoundation.framework in Frameworks */ = {isa = PBXBuildFile; fileRef = 25FD58A71C73D80900774526 /* AVFoundation.framework */; };
		25FD58AA1C73D85A00774526 /* AudioToolbox.framework in Frameworks */ = {isa = PBXBuildFile; fileRef = 25FD58A91C73D85A00774526 /* AudioToolbox.framework */; };
		25FD58AC1C73DABB00774526 /* UIKit.framework in Frameworks */ = {isa = PBXBuildFile; fileRef = 25FD58AB1C73DABB00774526 /* UIKit.framework */; };
		25FD58AE1C73DAC400774526 /* CoreGraphics.framework in Frameworks */ = {isa = PBXBuildFile; fileRef = 25FD58AD1C73DAC400774526 /* CoreGraphics.framework */; };
		25FD58B21C73DCA800774526 /* OpenEars.framework in Frameworks */ = {isa = PBXBuildFile; fileRef = 25FD58B11C73DCA800774526 /* OpenEars.framework */; };
		25FD58B41C73DCC100774526 /* Slt.framework in Frameworks */ = {isa = PBXBuildFile; fileRef = 25FD58B31C73DCC100774526 /* Slt.framework */; };
		25FD58B61C73DD4C00774526 /* AcousticModelEnglish.bundle in Resources */ = {isa = PBXBuildFile; fileRef = 25FD58B51C73DD4C00774526 /* AcousticModelEnglish.bundle */; };
		25FD58B81C73DD5D00774526 /* AcousticModelSpanish.bundle in Resources */ = {isa = PBXBuildFile; fileRef = 25FD58B71C73DD5C00774526 /* AcousticModelSpanish.bundle */; };
		25FD58BB1C73F60500774526 /* RapidEarsDemo.framework in Frameworks */ = {isa = PBXBuildFile; fileRef = 25FD58BA1C73F60500774526 /* RapidEarsDemo.framework */; };
/* End PBXBuildFile section */

/* Begin PBXContainerItemProxy section */
		25FD58991C73D6A100774526 /* PBXContainerItemProxy */ = {
			isa = PBXContainerItemProxy;
			containerPortal = 25FD587C1C73D6A100774526 /* Project object */;
			proxyType = 1;
			remoteGlobalIDString = 25FD58831C73D6A100774526;
			remoteInfo = EKVoiceText;
		};
/* End PBXContainerItemProxy section */

/* Begin PBXFileReference section */
		252E28CD1C82670900B2C560 /* ThirdViewControler.swift */ = {isa = PBXFileReference; fileEncoding = 4; lastKnownFileType = sourcecode.swift; path = ThirdViewControler.swift; sourceTree = "<group>"; };
		253D990F1C7A7EA000E1EB0D /* SecondViewController.swift */ = {isa = PBXFileReference; fileEncoding = 4; lastKnownFileType = sourcecode.swift; path = SecondViewController.swift; sourceTree = "<group>"; };
		253D99111C7A870500E1EB0D /* NetworkCheck.swift */ = {isa = PBXFileReference; fileEncoding = 4; lastKnownFileType = sourcecode.swift; path = NetworkCheck.swift; sourceTree = "<group>"; };
		25BC8BAB1C7EBFA9007F9526 /* LogInViewController.swift */ = {isa = PBXFileReference; fileEncoding = 4; lastKnownFileType = sourcecode.swift; path = LogInViewController.swift; sourceTree = "<group>"; };
		25FD58841C73D6A100774526 /* EKVoiceText.app */ = {isa = PBXFileReference; explicitFileType = wrapper.application; includeInIndex = 0; path = EKVoiceText.app; sourceTree = BUILT_PRODUCTS_DIR; };
		25FD58871C73D6A100774526 /* AppDelegate.swift */ = {isa = PBXFileReference; lastKnownFileType = sourcecode.swift; path = AppDelegate.swift; sourceTree = "<group>"; };
		25FD58891C73D6A100774526 /* ViewController.swift */ = {isa = PBXFileReference; lastKnownFileType = sourcecode.swift; path = ViewController.swift; sourceTree = "<group>"; };
		25FD588C1C73D6A100774526 /* Base */ = {isa = PBXFileReference; lastKnownFileType = file.storyboard; name = Base; path = Base.lproj/Main.storyboard; sourceTree = "<group>"; };
		25FD588E1C73D6A100774526 /* Assets.xcassets */ = {isa = PBXFileReference; lastKnownFileType = folder.assetcatalog; path = Assets.xcassets; sourceTree = "<group>"; };
		25FD58911C73D6A100774526 /* Base */ = {isa = PBXFileReference; lastKnownFileType = file.storyboard; name = Base; path = Base.lproj/LaunchScreen.storyboard; sourceTree = "<group>"; };
		25FD58931C73D6A100774526 /* Info.plist */ = {isa = PBXFileReference; lastKnownFileType = text.plist.xml; path = Info.plist; sourceTree = "<group>"; };
		25FD58981C73D6A100774526 /* EKVoiceTextTests.xctest */ = {isa = PBXFileReference; explicitFileType = wrapper.cfbundle; includeInIndex = 0; path = EKVoiceTextTests.xctest; sourceTree = BUILT_PRODUCTS_DIR; };
		25FD589C1C73D6A100774526 /* EKVoiceTextTests.swift */ = {isa = PBXFileReference; lastKnownFileType = sourcecode.swift; path = EKVoiceTextTests.swift; sourceTree = "<group>"; };
		25FD589E1C73D6A200774526 /* Info.plist */ = {isa = PBXFileReference; lastKnownFileType = text.plist.xml; path = Info.plist; sourceTree = "<group>"; };
		25FD58A71C73D80900774526 /* AVFoundation.framework */ = {isa = PBXFileReference; lastKnownFileType = wrapper.framework; name = AVFoundation.framework; path = System/Library/Frameworks/AVFoundation.framework; sourceTree = SDKROOT; };
		25FD58A91C73D85A00774526 /* AudioToolbox.framework */ = {isa = PBXFileReference; lastKnownFileType = wrapper.framework; name = AudioToolbox.framework; path = System/Library/Frameworks/AudioToolbox.framework; sourceTree = SDKROOT; };
		25FD58AB1C73DABB00774526 /* UIKit.framework */ = {isa = PBXFileReference; lastKnownFileType = wrapper.framework; name = UIKit.framework; path = System/Library/Frameworks/UIKit.framework; sourceTree = SDKROOT; };
		25FD58AD1C73DAC400774526 /* CoreGraphics.framework */ = {isa = PBXFileReference; lastKnownFileType = wrapper.framework; name = CoreGraphics.framework; path = System/Library/Frameworks/CoreGraphics.framework; sourceTree = SDKROOT; };
		25FD58B11C73DCA800774526 /* OpenEars.framework */ = {isa = PBXFileReference; lastKnownFileType = wrapper.framework; name = OpenEars.framework; path = EKVoiceText/Framework/OpenEars.framework; sourceTree = "<group>"; };
		25FD58B31C73DCC100774526 /* Slt.framework */ = {isa = PBXFileReference; lastKnownFileType = wrapper.framework; name = Slt.framework; path = EKVoiceText/Framework/Slt.framework; sourceTree = "<group>"; };
		25FD58B51C73DD4C00774526 /* AcousticModelEnglish.bundle */ = {isa = PBXFileReference; lastKnownFileType = "wrapper.plug-in"; name = AcousticModelEnglish.bundle; path = EKVoiceText/Framework/AcousticModelEnglish.bundle; sourceTree = "<group>"; };
		25FD58B71C73DD5C00774526 /* AcousticModelSpanish.bundle */ = {isa = PBXFileReference; lastKnownFileType = "wrapper.plug-in"; name = AcousticModelSpanish.bundle; path = EKVoiceText/Framework/AcousticModelSpanish.bundle; sourceTree = "<group>"; };
		25FD58B91C73DE8700774526 /* Bridge-Header.h */ = {isa = PBXFileReference; lastKnownFileType = sourcecode.c.h; path = "Bridge-Header.h"; sourceTree = "<group>"; };
		25FD58BA1C73F60500774526 /* RapidEarsDemo.framework */ = {isa = PBXFileReference; lastKnownFileType = wrapper.framework; name = RapidEarsDemo.framework; path = EKVoiceText/Framework/RapidEarsDemo.framework; sourceTree = "<group>"; };
/* End PBXFileReference section */

/* Begin PBXFrameworksBuildPhase section */
		25FD58811C73D6A100774526 /* Frameworks */ = {
			isa = PBXFrameworksBuildPhase;
			buildActionMask = 2147483647;
			files = (
				25FD58BB1C73F60500774526 /* RapidEarsDemo.framework in Frameworks */,
				25FD58B41C73DCC100774526 /* Slt.framework in Frameworks */,
				25FD58B21C73DCA800774526 /* OpenEars.framework in Frameworks */,
				25FD58AE1C73DAC400774526 /* CoreGraphics.framework in Frameworks */,
				25FD58AC1C73DABB00774526 /* UIKit.framework in Frameworks */,
				25FD58AA1C73D85A00774526 /* AudioToolbox.framework in Frameworks */,
				25FD58A81C73D80900774526 /* AVFoundation.framework in Frameworks */,
			);
			runOnlyForDeploymentPostprocessing = 0;
		};
		25FD58951C73D6A100774526 /* Frameworks */ = {
			isa = PBXFrameworksBuildPhase;
			buildActionMask = 2147483647;
			files = (
			);
			runOnlyForDeploymentPostprocessing = 0;
		};
/* End PBXFrameworksBuildPhase section */

/* Begin PBXGroup section */
		25FD587B1C73D6A100774526 = {
			isa = PBXGroup;
			children = (
				25FD58BA1C73F60500774526 /* RapidEarsDemo.framework */,
				25FD58B71C73DD5C00774526 /* AcousticModelSpanish.bundle */,
				25FD58B51C73DD4C00774526 /* AcousticModelEnglish.bundle */,
				25FD58B31C73DCC100774526 /* Slt.framework */,
				25FD58B11C73DCA800774526 /* OpenEars.framework */,
				25FD58AD1C73DAC400774526 /* CoreGraphics.framework */,
				25FD58AB1C73DABB00774526 /* UIKit.framework */,
				25FD58A91C73D85A00774526 /* AudioToolbox.framework */,
				25FD58A71C73D80900774526 /* AVFoundation.framework */,
				25FD58861C73D6A100774526 /* EKVoiceText */,
				25FD589B1C73D6A100774526 /* EKVoiceTextTests */,
				25FD58851C73D6A100774526 /* Products */,
			);
			sourceTree = "<group>";
		};
		25FD58851C73D6A100774526 /* Products */ = {
			isa = PBXGroup;
			children = (
				25FD58841C73D6A100774526 /* EKVoiceText.app */,
				25FD58981C73D6A100774526 /* EKVoiceTextTests.xctest */,
			);
			name = Products;
			sourceTree = "<group>";
		};
		25FD58861C73D6A100774526 /* EKVoiceText */ = {
			isa = PBXGroup;
			children = (
				25FD58871C73D6A100774526 /* AppDelegate.swift */,
				25FD58891C73D6A100774526 /* ViewController.swift */,
				25FD588B1C73D6A100774526 /* Main.storyboard */,
				25FD588E1C73D6A100774526 /* Assets.xcassets */,
				25FD58901C73D6A100774526 /* LaunchScreen.storyboard */,
				25FD58931C73D6A100774526 /* Info.plist */,
				25FD58B91C73DE8700774526 /* Bridge-Header.h */,
				253D990F1C7A7EA000E1EB0D /* SecondViewController.swift */,
				253D99111C7A870500E1EB0D /* NetworkCheck.swift */,
				25BC8BAB1C7EBFA9007F9526 /* LogInViewController.swift */,
				252E28CD1C82670900B2C560 /* ThirdViewControler.swift */,
			);
			path = EKVoiceText;
			sourceTree = "<group>";
		};
		25FD589B1C73D6A100774526 /* EKVoiceTextTests */ = {
			isa = PBXGroup;
			children = (
				25FD589C1C73D6A100774526 /* EKVoiceTextTests.swift */,
				25FD589E1C73D6A200774526 /* Info.plist */,
			);
			path = EKVoiceTextTests;
			sourceTree = "<group>";
		};
/* End PBXGroup section */

/* Begin PBXNativeTarget section */
		25FD58831C73D6A100774526 /* EKVoiceText */ = {
			isa = PBXNativeTarget;
			buildConfigurationList = 25FD58A11C73D6A200774526 /* Build configuration list for PBXNativeTarget "EKVoiceText" */;
			buildPhases = (
				25FD58801C73D6A100774526 /* Sources */,
				25FD58811C73D6A100774526 /* Frameworks */,
				25FD58821C73D6A100774526 /* Resources */,
			);
			buildRules = (
			);
			dependencies = (
			);
			name = EKVoiceText;
			productName = EKVoiceText;
			productReference = 25FD58841C73D6A100774526 /* EKVoiceText.app */;
			productType = "com.apple.product-type.application";
		};
		25FD58971C73D6A100774526 /* EKVoiceTextTests */ = {
			isa = PBXNativeTarget;
			buildConfigurationList = 25FD58A41C73D6A200774526 /* Build configuration list for PBXNativeTarget "EKVoiceTextTests" */;
			buildPhases = (
				25FD58941C73D6A100774526 /* Sources */,
				25FD58951C73D6A100774526 /* Frameworks */,
				25FD58961C73D6A100774526 /* Resources */,
			);
			buildRules = (
			);
			dependencies = (
				25FD589A1C73D6A100774526 /* PBXTargetDependency */,
			);
			name = EKVoiceTextTests;
			productName = EKVoiceTextTests;
			productReference = 25FD58981C73D6A100774526 /* EKVoiceTextTests.xctest */;
			productType = "com.apple.product-type.bundle.unit-test";
		};
/* End PBXNativeTarget section */

/* Begin PBXProject section */
		25FD587C1C73D6A100774526 /* Project object */ = {
			isa = PBXProject;
			attributes = {
				LastSwiftUpdateCheck = 0720;
				LastUpgradeCheck = 0720;
				ORGANIZATIONNAME = KarthikThota;
				TargetAttributes = {
					25FD58831C73D6A100774526 = {
						CreatedOnToolsVersion = 7.2;
						DevelopmentTeam = W3WV8PMK9W;
					};
					25FD58971C73D6A100774526 = {
						CreatedOnToolsVersion = 7.2;
						DevelopmentTeam = W3WV8PMK9W;
						TestTargetID = 25FD58831C73D6A100774526;
					};
				};
			};
			buildConfigurationList = 25FD587F1C73D6A100774526 /* Build configuration list for PBXProject "EKVoiceText" */;
			compatibilityVersion = "Xcode 3.2";
			developmentRegion = English;
			hasScannedForEncodings = 0;
			knownRegions = (
				en,
				Base,
			);
			mainGroup = 25FD587B1C73D6A100774526;
			productRefGroup = 25FD58851C73D6A100774526 /* Products */;
			projectDirPath = "";
			projectRoot = "";
			targets = (
				25FD58831C73D6A100774526 /* EKVoiceText */,
				25FD58971C73D6A100774526 /* EKVoiceTextTests */,
			);
		};
/* End PBXProject section */

/* Begin PBXResourcesBuildPhase section */
		25FD58821C73D6A100774526 /* Resources */ = {
			isa = PBXResourcesBuildPhase;
			buildActionMask = 2147483647;
			files = (
				25FD58B81C73DD5D00774526 /* AcousticModelSpanish.bundle in Resources */,
				25FD58B61C73DD4C00774526 /* AcousticModelEnglish.bundle in Resources */,
				25FD58921C73D6A100774526 /* LaunchScreen.storyboard in Resources */,
				25FD588F1C73D6A100774526 /* Assets.xcassets in Resources */,
				25FD588D1C73D6A100774526 /* Main.storyboard in Resources */,
			);
			runOnlyForDeploymentPostprocessing = 0;
		};
		25FD58961C73D6A100774526 /* Resources */ = {
			isa = PBXResourcesBuildPhase;
			buildActionMask = 2147483647;
			files = (
			);
			runOnlyForDeploymentPostprocessing = 0;
		};
/* End PBXResourcesBuildPhase section */

/* Begin PBXSourcesBuildPhase section */
		25FD58801C73D6A100774526 /* Sources */ = {
			isa = PBXSourcesBuildPhase;
			buildActionMask = 2147483647;
			files = (
				253D99101C7A7EA000E1EB0D /* SecondViewController.swift in Sources */,
				253D99121C7A870500E1EB0D /* NetworkCheck.swift in Sources */,
				25FD588A1C73D6A100774526 /* ViewController.swift in Sources */,
				25BC8BAC1C7EBFA9007F9526 /* LogInViewController.swift in Sources */,
				25FD58881C73D6A100774526 /* AppDelegate.swift in Sources */,
				252E28CE1C82670900B2C560 /* ThirdViewControler.swift in Sources */,
			);
			runOnlyForDeploymentPostprocessing = 0;
		};
		25FD58941C73D6A100774526 /* Sources */ = {
			isa = PBXSourcesBuildPhase;
			buildActionMask = 2147483647;
			files = (
				25FD589D1C73D6A100774526 /* EKVoiceTextTests.swift in Sources */,
			);
			runOnlyForDeploymentPostprocessing = 0;
		};
/* End PBXSourcesBuildPhase section */

/* Begin PBXTargetDependency section */
		25FD589A1C73D6A100774526 /* PBXTargetDependency */ = {
			isa = PBXTargetDependency;
			target = 25FD58831C73D6A100774526 /* EKVoiceText */;
			targetProxy = 25FD58991C73D6A100774526 /* PBXContainerItemProxy */;
		};
/* End PBXTargetDependency section */

/* Begin PBXVariantGroup section */
		25FD588B1C73D6A100774526 /* Main.storyboard */ = {
			isa = PBXVariantGroup;
			children = (
				25FD588C1C73D6A100774526 /* Base */,
			);
			name = Main.storyboard;
			sourceTree = "<group>";
		};
		25FD58901C73D6A100774526 /* LaunchScreen.storyboard */ = {
			isa = PBXVariantGroup;
			children = (
				25FD58911C73D6A100774526 /* Base */,
			);
			name = LaunchScreen.storyboard;
			sourceTree = "<group>";
		};
/* End PBXVariantGroup section */

/* Begin XCBuildConfiguration section */
		25FD589F1C73D6A200774526 /* Debug */ = {
			isa = XCBuildConfiguration;
			buildSettings = {
				ALWAYS_SEARCH_USER_PATHS = NO;
				CLANG_CXX_LANGUAGE_STANDARD = "gnu++0x";
				CLANG_CXX_LIBRARY = "libc++";
				CLANG_ENABLE_MODULES = YES;
				CLANG_ENABLE_OBJC_ARC = YES;
				CLANG_WARN_BOOL_CONVERSION = YES;
				CLANG_WARN_CONSTANT_CONVERSION = YES;
				CLANG_WARN_DIRECT_OBJC_ISA_USAGE = YES_ERROR;
				CLANG_WARN_EMPTY_BODY = YES;
				CLANG_WARN_ENUM_CONVERSION = YES;
				CLANG_WARN_INT_CONVERSION = YES;
				CLANG_WARN_OBJC_ROOT_CLASS = YES_ERROR;
				CLANG_WARN_UNREACHABLE_CODE = YES;
				CLANG_WARN__DUPLICATE_METHOD_MATCH = YES;
				"CODE_SIGN_IDENTITY[sdk=iphoneos*]" = "iPhone Developer";
				COPY_PHASE_STRIP = NO;
				DEBUG_INFORMATION_FORMAT = dwarf;
				ENABLE_BITCODE = NO;
				ENABLE_STRICT_OBJC_MSGSEND = YES;
				ENABLE_TESTABILITY = YES;
				GCC_C_LANGUAGE_STANDARD = gnu99;
				GCC_DYNAMIC_NO_PIC = NO;
				GCC_NO_COMMON_BLOCKS = YES;
				GCC_OPTIMIZATION_LEVEL = 0;
				GCC_PREPROCESSOR_DEFINITIONS = (
					"DEBUG=1",
					"$(inherited)",
				);
				GCC_WARN_64_TO_32_BIT_CONVERSION = YES;
				GCC_WARN_ABOUT_RETURN_TYPE = YES_ERROR;
				GCC_WARN_UNDECLARED_SELECTOR = YES;
				GCC_WARN_UNINITIALIZED_AUTOS = YES_AGGRESSIVE;
				GCC_WARN_UNUSED_FUNCTION = YES;
				GCC_WARN_UNUSED_VARIABLE = YES;
				IPHONEOS_DEPLOYMENT_TARGET = 9.2;
				MTL_ENABLE_DEBUG_INFO = YES;
				ONLY_ACTIVE_ARCH = YES;
				SDKROOT = iphoneos;
				SWIFT_OPTIMIZATION_LEVEL = "-Onone";
				TARGETED_DEVICE_FAMILY = "1,2";
			};
			name = Debug;
		};
		25FD58A01C73D6A200774526 /* Release */ = {
			isa = XCBuildConfiguration;
			buildSettings = {
				ALWAYS_SEARCH_USER_PATHS = NO;
				CLANG_CXX_LANGUAGE_STANDARD = "gnu++0x";
				CLANG_CXX_LIBRARY = "libc++";
				CLANG_ENABLE_MODULES = YES;
				CLANG_ENABLE_OBJC_ARC = YES;
				CLANG_WARN_BOOL_CONVERSION = YES;
				CLANG_WARN_CONSTANT_CONVERSION = YES;
				CLANG_WARN_DIRECT_OBJC_ISA_USAGE = YES_ERROR;
				CLANG_WARN_EMPTY_BODY = YES;
				CLANG_WARN_ENUM_CONVERSION = YES;
				CLANG_WARN_INT_CONVERSION = YES;
				CLANG_WARN_OBJC_ROOT_CLASS = YES_ERROR;
				CLANG_WARN_UNREACHABLE_CODE = YES;
				CLANG_WARN__DUPLICATE_METHOD_MATCH = YES;
				"CODE_SIGN_IDENTITY[sdk=iphoneos*]" = "iPhone Developer";
				COPY_PHASE_STRIP = NO;
				DEBUG_INFORMATION_FORMAT = "dwarf-with-dsym";
				ENABLE_BITCODE = NO;
				ENABLE_NS_ASSERTIONS = NO;
				ENABLE_STRICT_OBJC_MSGSEND = YES;
				GCC_C_LANGUAGE_STANDARD = gnu99;
				GCC_NO_COMMON_BLOCKS = YES;
				GCC_WARN_64_TO_32_BIT_CONVERSION = YES;
				GCC_WARN_ABOUT_RETURN_TYPE = YES_ERROR;
				GCC_WARN_UNDECLARED_SELECTOR = YES;
				GCC_WARN_UNINITIALIZED_AUTOS = YES_AGGRESSIVE;
				GCC_WARN_UNUSED_FUNCTION = YES;
				GCC_WARN_UNUSED_VARIABLE = YES;
				IPHONEOS_DEPLOYMENT_TARGET = 9.2;
				MTL_ENABLE_DEBUG_INFO = NO;
				SDKROOT = iphoneos;
				TARGETED_DEVICE_FAMILY = "1,2";
				VALIDATE_PRODUCT = YES;
			};
			name = Release;
		};
		25FD58A21C73D6A200774526 /* Debug */ = {
			isa = XCBuildConfiguration;
			buildSettings = {
				ASSETCATALOG_COMPILER_APPICON_NAME = AppIcon;
				ENABLE_BITCODE = NO;
				FRAMEWORK_SEARCH_PATHS = (
					"$(inherited)",
					"$(PROJECT_DIR)/EKVoiceText/Framework",
				);
				INFOPLIST_FILE = EKVoiceText/Info.plist;
				LD_RUNPATH_SEARCH_PATHS = "$(inherited) @executable_path/Frameworks";
				OTHER_LDFLAGS = "-ObjC";
				PRODUCT_BUNDLE_IDENTIFIER = com.karthik.EKVoiceText;
				PRODUCT_NAME = "$(TARGET_NAME)";
				SWIFT_OBJC_BRIDGING_HEADER = "/Users/Karthik/GoogleDrive/GitHub/kthotav/VoiceToText/EKVoiceText/EKVoiceText/Bridge-Header.h";
			};
			name = Debug;
		};
		25FD58A31C73D6A200774526 /* Release */ = {
			isa = XCBuildConfiguration;
			buildSettings = {
				ASSETCATALOG_COMPILER_APPICON_NAME = AppIcon;
				ENABLE_BITCODE = NO;
				FRAMEWORK_SEARCH_PATHS = (
					"$(inherited)",
					"$(PROJECT_DIR)/EKVoiceText/Framework",
				);
				INFOPLIST_FILE = EKVoiceText/Info.plist;
				LD_RUNPATH_SEARCH_PATHS = "$(inherited) @executable_path/Frameworks";
				OTHER_LDFLAGS = "-ObjC";
				PRODUCT_BUNDLE_IDENTIFIER = com.karthik.EKVoiceText;
				PRODUCT_NAME = "$(TARGET_NAME)";
				SWIFT_OBJC_BRIDGING_HEADER = "/Users/Karthik/GoogleDrive/GitHub/kthotav/VoiceToText/EKVoiceText/EKVoiceText/Bridge-Header.h";
			};
			name = Release;
		};
		25FD58A51C73D6A200774526 /* Debug */ = {
			isa = XCBuildConfiguration;
			buildSettings = {
				BUNDLE_LOADER = "$(TEST_HOST)";
				INFOPLIST_FILE = EKVoiceTextTests/Info.plist;
				LD_RUNPATH_SEARCH_PATHS = "$(inherited) @executable_path/Frameworks @loader_path/Frameworks";
				PRODUCT_BUNDLE_IDENTIFIER = com.karthik.EKVoiceTextTests;
				PRODUCT_NAME = "$(TARGET_NAME)";
				TEST_HOST = "$(BUILT_PRODUCTS_DIR)/EKVoiceText.app/EKVoiceText";
			};
			name = Debug;
		};
		25FD58A61C73D6A200774526 /* Release */ = {
			isa = XCBuildConfiguration;
			buildSettings = {
				BUNDLE_LOADER = "$(TEST_HOST)";
				INFOPLIST_FILE = EKVoiceTextTests/Info.plist;
				LD_RUNPATH_SEARCH_PATHS = "$(inherited) @executable_path/Frameworks @loader_path/Frameworks";
				PRODUCT_BUNDLE_IDENTIFIER = com.karthik.EKVoiceTextTests;
				PRODUCT_NAME = "$(TARGET_NAME)";
				TEST_HOST = "$(BUILT_PRODUCTS_DIR)/EKVoiceText.app/EKVoiceText";
			};
			name = Release;
		};
/* End XCBuildConfiguration section */

/* Begin XCConfigurationList section */
		25FD587F1C73D6A100774526 /* Build configuration list for PBXProject "EKVoiceText" */ = {
			isa = XCConfigurationList;
			buildConfigurations = (
				25FD589F1C73D6A200774526 /* Debug */,
				25FD58A01C73D6A200774526 /* Release */,
			);
			defaultConfigurationIsVisible = 0;
			defaultConfigurationName = Release;
		};
		25FD58A11C73D6A200774526 /* Build configuration list for PBXNativeTarget "EKVoiceText" */ = {
			isa = XCConfigurationList;
			buildConfigurations = (
				25FD58A21C73D6A200774526 /* Debug */,
				25FD58A31C73D6A200774526 /* Release */,
			);
			defaultConfigurationIsVisible = 0;
			defaultConfigurationName = Release;
		};
		25FD58A41C73D6A200774526 /* Build configuration list for PBXNativeTarget "EKVoiceTextTests" */ = {
			isa = XCConfigurationList;
			buildConfigurations = (
				25FD58A51C73D6A200774526 /* Debug */,
				25FD58A61C73D6A200774526 /* Release */,
			);
			defaultConfigurationIsVisible = 0;
			defaultConfigurationName = Release;
		};
/* End XCConfigurationList section */
	};
	rootObject = 25FD587C1C73D6A100774526 /* Project object */;
}
